PackratFormat: 1.4
PackratVersion: 0.4.8.1
RVersion: 3.3.1
Repos: CRAN=https://cran.rstudio.com/

Package: BH
Source: CRAN
Version: 1.60.0-2
Hash: be2967bcff307e561d9ba17faf03205c

Package: DBI
Source: CRAN
Version: 0.5-1
Hash: 375869004db963f9915f2b8a49b4a718

Package: DT
Source: CRAN
Version: 0.2
Hash: 36b032203797956fedad5a25055016a9
Requires: htmltools, htmlwidgets, magrittr

Package: GISTools
Source: CRAN
Version: 0.7-4
Hash: e8c112215956ecc1f6b706ae1972fe1b
Requires: RColorBrewer, maptools, rgeos, sp

Package: PKI
Source: CRAN
Version: 0.1-3
Hash: aca3e459c659b6d8266538520f72ba19
Requires: base64enc

Package: R6
Source: CRAN
Version: 2.2.0
Hash: 712773a3439bd32db5c40938e1a9aac2

Package: RColorBrewer
Source: CRAN
Version: 1.1-2
Hash: c0d56cd15034f395874c870141870c25

Package: RCurl
Source: CRAN
Version: 1.95-4.8
Hash: 79c7d5a8684e44e0e3426d3093aa7d90
Requires: bitops

Package: RJSONIO
Source: CRAN
Version: 1.3-0
Hash: fb672e20eb6f3010a3639f855d8ef6de

Package: Rcpp
Source: CRAN
Version: 0.12.8
Hash: 436ad5c23fad4e22224c7ac2fc82b049

Package: RgoogleMaps
Source: CRAN
Version: 1.4.1
Hash: 3310ba24c8436b297d1fb60ac4324ff2
Requires: png

Package: XML
Source: CRAN
Version: 3.98-1.4
Hash: 9f8bc34c3c3d2967c7d25f8945216ffa

Package: acs
Source: CRAN
Version: 2.0
Hash: d356c835968d782919697359b102450c
Requires: RCurl, XML, plyr, stringr

Package: assertthat
Source: CRAN
Version: 0.1
Hash: 0afb92b59b02593c70ff8046700ba9d3

Package: base64enc
Source: CRAN
Version: 0.1-3
Hash: c590d29e555926af053055e23ee79efb

Package: bitops
Source: CRAN
Version: 1.0-6
Hash: 67d0775189fd0041d95abca618c5c07e

Package: bookdown
Source: github
Version: 0.1.16
Hash: f1b0c214a155e5e4c60e7ce9bdaf2fea
Requires: htmltools, knitr, miniUI, rmarkdown, rsconnect, yaml
GithubRepo: bookdown
GithubUsername: rstudio
GithubRef: master
GithubSha1: 1254a81864c7d0e1d165eda58d9fb08fe3a9bc71

Package: broom
Source: CRAN
Version: 0.4.1
Hash: c90145ada2eac0128487c21ab2ac9c78
Requires: dplyr, plyr, psych, reshape2, stringr, tidyr

Package: caTools
Source: CRAN
Version: 1.17.1
Hash: 97cb6f6293cd18d17df77a6383cc6763
Requires: bitops

Package: cleangeo
Source: github
Version: 0.2-1
Hash: 10f7fe61d02f78195c509c0dc5c7c589
Requires: maptools, rgeos, sp
GithubRepo: cleangeo
GithubUsername: eblondel
GithubRef: master
GithubSha1: 4e12860a807fd095cc9f5b3e2a409fc0a84f8ee1

Package: colorspace
Source: CRAN
Version: 1.2-6
Hash: 00bb12245cd975c450cc4a960884fa15

Package: curl
Source: CRAN
Version: 2.0
Hash: 12aac8a66c2d19b2c2cf1578f3af31de

Package: devtools
Source: CRAN
Version: 1.12.0
Hash: bbad95109ae75cbb14099281cda43af2
Requires: digest, git2r, httr, jsonlite, memoise, rstudioapi, whisker,
    withr

Package: dichromat
Source: CRAN
Version: 2.0-0
Hash: 08eed0c80510af29bb15f840ccfe37ce

Package: digest
Source: CRAN
Version: 0.6.10
Hash: 87165608ca8aeb0958835c3c5b52b6b7

Package: downloader
Source: CRAN
Version: 0.4
Hash: c99f05ffa816e03ece87b37ea9d4f0ed
Requires: digest

Package: dplyr
Source: CRAN
Version: 0.5.0
Hash: 1acc0b1601b5c89c3ade8072036bf9e0
Requires: BH, DBI, R6, Rcpp, assertthat, lazyeval, magrittr, tibble

Package: evaluate
Source: CRAN
Version: 0.9
Hash: cf338d73ba4ee3a4fefec612cdfd38db
Requires: stringr

Package: forcats
Source: CRAN
Version: 0.1.1
Hash: 7f93e560ba45f278e1d66df743747d2a
Requires: magrittr, tibble

Package: foreign
Source: CRAN
Version: 0.8-67
Hash: 34615798e8a5c7bb2f69f4efc3e17b71

Package: formatR
Source: CRAN
Version: 1.4
Hash: b2a47a2b91737978cf50ba95825a9cd1

Package: gdata
Source: CRAN
Version: 2.17.0
Hash: e7d520c2a9597b303f54499e3bd90644
Requires: gtools

Package: geosphere
Source: CRAN
Version: 1.5-5
Hash: 6772bef0f3f3aaa58b475479c03ff596
Requires: sp

Package: ggmap
Source: CRAN
Version: 2.6.1
Hash: 3e5545418aab1ad8e47c218236dd4f0b
Requires: RgoogleMaps, digest, geosphere, ggplot2, jpeg, mapproj, plyr,
    png, proto, reshape2, rjson, scales

Package: ggplot2
Source: CRAN
Version: 2.1.0
Hash: 50e297b0191179c39c7dcae0eff72b51
Requires: digest, gtable, plyr, reshape2, scales

Package: ggthemes
Source: CRAN
Version: 3.2.0
Hash: 44ef6d3a43f207cea8003ed2d69c9c36
Requires: assertthat, colorspace, ggplot2, scales

Package: git2r
Source: CRAN
Version: 0.15.0
Hash: 92d5a9f3cba5e146b92a76dabbc29fbb

Package: gplots
Source: CRAN
Version: 3.0.1
Hash: b7abe122479c203aa236499b7fc4b816
Requires: caTools, gdata, gtools

Package: gtable
Source: CRAN
Version: 0.2.0
Hash: cd78381a9d3fea966ac39bd0daaf5554

Package: gtools
Source: CRAN
Version: 3.5.0
Hash: 471b2e2452dfb30fdc1dd6f1b567925a

Package: haven
Source: CRAN
Version: 0.2.1
Hash: 791e81b03f7e4be8b7c9996bdc20499b
Requires: BH, Rcpp

Package: highr
Source: CRAN
Version: 0.6
Hash: aa3d5b7912b5fed4b546ed5cd2a1760b

Package: hms
Source: CRAN
Version: 0.2
Hash: c1b6ded8c65ae31a98d73a312b2e6574

Package: htmltools
Source: CRAN
Version: 0.3.5
Hash: 49415ab4718e9d37c7ddf74988493c23
Requires: Rcpp, digest

Package: htmlwidgets
Source: CRAN
Version: 0.8
Hash: e7a3c80acddc2412f96d616949e40bb8
Requires: htmltools, jsonlite, yaml

Package: httpuv
Source: CRAN
Version: 1.3.3
Hash: d503eac9dc82852a970018b4f88f5213
Requires: Rcpp

Package: httr
Source: CRAN
Version: 1.2.1
Hash: 7de1f8f760441881804af7c1ff324340
Requires: R6, curl, jsonlite, mime, openssl

Package: jpeg
Source: CRAN
Version: 0.1-8
Hash: 189af3df9864c6aa8546033f08ba9358

Package: jsonlite
Source: CRAN
Version: 1.1
Hash: 86d4b85b84421a4815f1bb4872e30ef4

Package: knitr
Source: github
Version: 1.14.9
Hash: 9d94700afd8fecc020640dc968c549b7
Requires: digest, evaluate, formatR, highr, markdown, stringr, yaml
GithubRepo: knitr
GithubUsername: yihui
GithubRef: master
GithubSha1: 63407ab837644741706076e910d4393fb763186b

Package: labeling
Source: CRAN
Version: 0.3
Hash: ecf589b42cd284b03a4beb9665482d3e

Package: lazyeval
Source: CRAN
Version: 0.2.0
Hash: 3d6e7608e65bbf5cb170dab1e3c9ed8b

Package: leaflet
Source: github
Version: 1.0.2.9008
Hash: 777b790fd54215bac55af156304ecf95
Requires: RColorBrewer, base64enc, htmltools, htmlwidgets, magrittr,
    markdown, png, raster, scales, sp
GithubRepo: leaflet
GithubUsername: rstudio
GithubRef: master
GithubSha1: c62fedc39016c76e1fab891e20791411f0fbc731

Package: leaflet.extras
Source: github
Version: 0.1.9
Hash: 1eb7c6afe9a41eff1ac36ce2e782e6e6
Requires: htmltools, htmlwidgets, leaflet, magrittr, shiny
GithubRepo: leaflet.extras
GithubUsername: bhaskarvk
GithubRef: master
GithubSha1: 0bd72ffa535016531418c98408c34ac65bbdfea5

Package: lubridate
Source: CRAN
Version: 1.6.0
Hash: b90f4cbefe0b3c545dd68b22c66a8a12
Requires: stringr

Package: magrittr
Source: CRAN
Version: 1.5
Hash: bdc4d48c3135e8f3b399536ddf160df4

Package: mapproj
Source: CRAN
Version: 1.2-4
Hash: e4c4eaf5289ffa74413a9cd71584cb1d
Requires: maps

Package: maps
Source: CRAN
Version: 3.1.1
Hash: 4a0a1b1764bfe2c41c6fc21790408caf

Package: maptools
Source: CRAN
Version: 0.8-39
Hash: f88d489894305e514eacb380f4cb2008
Requires: foreign, sp

Package: markdown
Source: CRAN
Version: 0.7.7
Hash: fea2343a1119d61b0cc5c0a950d103a3
Requires: mime

Package: memoise
Source: CRAN
Version: 1.0.0
Hash: 56e7087c3559eb7ba72a9afb349bf896
Requires: digest

Package: mime
Source: CRAN
Version: 0.5
Hash: 463550cf44fb6f0a2359368f42eebe62

Package: miniUI
Source: CRAN
Version: 0.1.1
Hash: e85626581f80b1fe6c92a96ec348efc5
Requires: htmltools, shiny

Package: miscgis
Source: github
Version: 0.1.2
Hash: d29653ce5b5d66892889a4a422f088b3
Requires: dplyr, leaflet, miniUI, operator.tools, sf, shinydashboard,
    sp, tigris
GithubRepo: miscgis
GithubUsername: tiernanmartin
GithubRef: master
GithubSha1: 63c072878c8b7faf751da60dfe77d606a25616b7

Package: mnormt
Source: CRAN
Version: 1.5-4
Hash: d9793228e6242e0f025123fc19587990

Package: modelr
Source: CRAN
Version: 0.1.0
Hash: 7c9848bf4d734f38b8ce91022d8de949
Requires: broom, dplyr, lazyeval, magrittr, purrr, tibble, tidyr

Package: munsell
Source: CRAN
Version: 0.4.3
Hash: f96d896947fcaf9b6d0074002e9f4f9d
Requires: colorspace

Package: openssl
Source: CRAN
Version: 0.9.4
Hash: 5ceb5d83bba44e8e5a764ac6ad32e9fb

Package: operator.tools
Source: CRAN
Version: 1.4.4
Hash: a436bd9e655cb29a8d6fd7e3509dbd97

Package: packrat
Source: CRAN
Version: 0.4.8-1
Hash: 6ad605ba7b4b476d84be6632393f5765

Package: plyr
Source: CRAN
Version: 1.8.4
Hash: fee2f470d73a85f4db7e89d771427e57
Requires: Rcpp

Package: png
Source: CRAN
Version: 0.1-7
Hash: 421d7d6e0fb4bd885ecbd909b6456b8b

Package: printr
Source: github
Version: 0.0.6
Hash: 91795a67aae5c96f108c41104867be38
Requires: knitr
GithubRepo: printr
GithubUsername: yihui
GithubRef: master
GithubSha1: 2c4c4b60677064b90d3b81f135b2567f2a272bb6

Package: proto
Source: CRAN
Version: 0.3-10
Hash: 05d7ad64db29a39d1b02c4b9f1f4edb2

Package: psych
Source: CRAN
Version: 1.6.9
Hash: 663c0ab3af51e3b685a10d7d12d7078f
Requires: foreign, mnormt

Package: purrr
Source: CRAN
Version: 0.2.2
Hash: 13b4a0d12074361c275146caa32ec72f
Requires: BH, Rcpp, dplyr, lazyeval, magrittr

Package: rappdirs
Source: CRAN
Version: 0.3.1
Hash: 7340cfebc77ad7b107a549a8635e64dd

Package: raster
Source: CRAN
Version: 2.5-8
Hash: 83aec067b01083d1fb8a2afa36d7eef5
Requires: Rcpp, sp

Package: readr
Source: CRAN
Version: 1.0.0
Hash: 4fe00ac8c6224fce910314f86748fc7d
Requires: BH, R6, Rcpp, curl, hms, tibble

Package: readxl
Source: CRAN
Version: 0.1.1
Hash: a80e2ef94a7228ec43d840fcb2792bc6
Requires: Rcpp

Package: reshape2
Source: CRAN
Version: 1.4.1
Hash: e173297f5809732116fd7d0e31080d76
Requires: Rcpp, plyr, stringr

Package: rgdal
Source: CRAN
Version: 1.1-10
Hash: 1fae4b687cb1aa13e94b0d5576f527cf
Requires: sp

Package: rgeos
Source: CRAN
Version: 0.3-21
Hash: d34cb398be8b8c4936c8afe99f1cea80
Requires: sp

Package: rgrass7
Source: CRAN
Version: 0.1-9
Hash: 5396855b2e21c1abbe8c85fa6812e49b
Requires: XML, sp

Package: rjson
Source: CRAN
Version: 0.2.15
Hash: def074f38d0cff3b597649ee6f976128

Package: rmarkdown
Source: CRAN
Version: 1.1
Hash: d0e9f583d85019c99a171b094979fcb3
Requires: base64enc, caTools, evaluate, htmltools, jsonlite, knitr,
    tibble, yaml

Package: rprojroot
Source: github
Version: 1.0-4
Hash: 308cbc2abbbf59784e7d26fda93b0e51
GithubRepo: rprojroot
GithubUsername: krlmlr
GithubRef: master
GithubSha1: e0009ebec4a9cc19ed1eec6468c5178d036b2c00

Package: rsconnect
Source: CRAN
Version: 0.4.3
Hash: 72014f20a28de36f205f269ccc4b1a32
Requires: PKI, RCurl, RJSONIO, digest, packrat, rstudioapi, yaml

Package: rstudioapi
Source: CRAN
Version: 0.6
Hash: fd256f8bfb9a64cc35f98b0decb1a79f

Package: rvest
Source: CRAN
Version: 0.3.2
Hash: c69f7526520bad66fd2111ebe8b1364b
Requires: httr, magrittr, selectr, xml2

Package: scales
Source: CRAN
Version: 0.4.1
Hash: cf658953d600d4736b058df1558df481
Requires: RColorBrewer, Rcpp, dichromat, labeling, munsell, plyr

Package: secure
Source: github
Version: 0.1
Hash: 1c9c0e660c95f44bce332c31c09cf585
Requires: PKI, base64enc, httr, jsonlite
GithubRepo: secure
GithubUsername: hadley
GithubRef: master
GithubSha1: b279c217e4eca33f9eefdf2a5d430367135bd8d5

Package: selectr
Source: CRAN
Version: 0.3-0
Hash: 405f00513f6b52d170ddd713d12e9ab9
Requires: stringr

Package: servr
Source: CRAN
Version: 0.4
Hash: 0c8802e6b42b01a1320ef70752564f99
Requires: httpuv, jsonlite, mime

Package: sf
Source: github
Version: 0.2-4
Hash: cc61799d749ea6636b1459e2e019eaf6
Requires: DBI, Rcpp
GithubRepo: sfr
GithubUsername: edzer
GithubRef: master
GithubSha1: 587cbc7dfc46aaec0f7a8e2cf865524967e56b53

Package: shiny
Source: CRAN
Version: 0.14.2
Hash: b3151540f7d02b2b455bbc1c4d75f5e2
Requires: R6, digest, htmltools, httpuv, jsonlite, mime, sourcetools,
    xtable

Package: shinydashboard
Source: github
Version: 0.5.3
Hash: b532286725b10c54da15c7bfb543338c
Requires: htmltools, shiny
GithubRepo: shinydashboard
GithubUsername: rstudio
GithubRef: master
GithubSha1: 44bf7c5154afe1d054de3386696d888602cf2b5e

Package: sourcetools
Source: CRAN
Version: 0.1.5
Hash: 04ddeb1c288302222562326a471e2945

Package: sp
Source: CRAN
Version: 1.2-3
Hash: 50e24e98f39f1524698c2ccb3b30fdcf

Package: stringi
Source: CRAN
Version: 1.1.1
Hash: 48f2afc5dfecb65ba32a87d38b3533ff

Package: stringr
Source: CRAN
Version: 1.1.0
Hash: 4d21d0063b37a17ea18eaec6acd29bf3
Requires: magrittr, stringi

Package: tibble
Source: CRAN
Version: 1.2
Hash: ee28ae66deec042f19aff6fa10f5f8d5
Requires: Rcpp, assertthat, lazyeval

Package: tidyr
Source: CRAN
Version: 0.6.0
Hash: 55b2d458dcd3407abb74732c82be146c
Requires: Rcpp, dplyr, lazyeval, magrittr, stringi, tibble

Package: tidyverse
Source: CRAN
Version: 1.0.0
Hash: 7adbfd73ba78f6c97f54e45df607850a
Requires: DBI, broom, dplyr, forcats, ggplot2, haven, hms, httr,
    jsonlite, lubridate, magrittr, modelr, purrr, readr, readxl, rvest,
    stringr, tibble, tidyr, xml2

Package: tigris
Source: CRAN
Version: 0.3.3
Hash: ffcab56fa2546f0a153915dfd9138e5f
Requires: httr, magrittr, maptools, rappdirs, rgdal, rgeos, sp,
    stringr, uuid

Package: uuid
Source: CRAN
Version: 0.1-2
Hash: 69acbbcf4dcff3a258f94de540214001

Package: viridisLite
Source: CRAN
Version: 0.1.3
Hash: d16a33135b1f4c8818b8cd569da3913f

Package: webshot
Source: github
Version: 0.3.2.9000
Hash: 2032ee3a30725b4cefde414c264e5f86
Requires: magrittr
GithubRepo: webshot
GithubUsername: wch
GithubRef: master
GithubSha1: 2596fe54b5c8318c529b7fd189d64e5de6283229

Package: whisker
Source: CRAN
Version: 0.3-2
Hash: 803d662762e532705c2c066a82d066e7

Package: withr
Source: CRAN
Version: 1.0.2
Hash: 774eb7be9087cdc24b53b74e5359cfac

Package: xml2
Source: CRAN
Version: 1.0.0
Hash: d233b7bcc35487b3d5c7aaf097ad81d2
Requires: BH, Rcpp

Package: xtable
Source: CRAN
Version: 1.8-2
Hash: 7293235cfcc14cdff1ce7fd1a0212031

Package: yaml
Source: CRAN
Version: 2.1.14
Hash: c81230c3a7d9ba20607ad6b4331173d1
